
Microsoft Visual Studio Solution File, Format Version 12.00
# Visual Studio Version 17
VisualStudioVersion = 17.0.31717.71
MinimumVisualStudioVersion = 10.0.40219.1
Project("{9A19103F-16F7-4668-BE54-9A1E7A4F7556}") = "MultiThreading.Task1.100Tasks", "Multithreading\MultiThreading.Task1.100Tasks\MultiThreading.Task1.100Tasks.csproj", "{DCD4B63F-2306-4832-8018-1ACADDAE1877}"
EndProject
Project("{2150E333-8FDC-42A3-9474-1A3956D46DE8}") = "Multithreading", "Multithreading", "{BEF32C8D-F319-4EBE-A5DD-187C5B24D214}"
EndProject
Project("{9A19103F-16F7-4668-BE54-9A1E7A4F7556}") = "MultiThreading.Task2.Chaining", "Multithreading\MultiThreading.Task2.Chaining\MultiThreading.Task2.Chaining.csproj", "{82B88F7A-5253-43C6-AD47-E7BD177D9591}"
EndProject
Project("{9A19103F-16F7-4668-BE54-9A1E7A4F7556}") = "MultiThreading.Task3.MatrixMultiplier", "Multithreading\MultiThreading.Task3.Matrixes\MultiThreading.Task3.MatrixMultiplier.csproj", "{F207A113-88AC-4ADC-AACD-BFA4EB740D95}"
EndProject
Project("{9A19103F-16F7-4668-BE54-9A1E7A4F7556}") = "MultiThreading.Task3.MatrixMultiplier.Tests", "Multithreading\MultiThreading.Task3.MatrixMultiplier.Tests\MultiThreading.Task3.MatrixMultiplier.Tests.csproj", "{920EFA27-7174-467A-A8A7-BE7124432ED9}"
EndProject
Project("{9A19103F-16F7-4668-BE54-9A1E7A4F7556}") = "MultiThreading.Task4.Threads.Join", "Multithreading\MultiThreading.Task4.Threads.Join\MultiThreading.Task4.Threads.Join.csproj", "{1CE4153F-93DB-4DDB-814B-BB0D95D8C668}"
EndProject
Project("{9A19103F-16F7-4668-BE54-9A1E7A4F7556}") = "MultiThreading.Task5.Threads.SharedCollection", "Multithreading\MultiThreading.Task5.Threads.SharedCollection\MultiThreading.Task5.Threads.SharedCollection.csproj", "{835C7C16-B28A-4765-BEBE-DF9C8CF3E0A8}"
EndProject
Project("{9A19103F-16F7-4668-BE54-9A1E7A4F7556}") = "MultiThreading.Task6.Continuation", "Multithreading\MultiThreading.Task6.Continuation\MultiThreading.Task6.Continuation.csproj", "{624BC320-262D-46AF-964C-E15B8804C051}"
EndProject
Project("{2150E333-8FDC-42A3-9474-1A3956D46DE8}") = "ExtraTask", "ExtraTask", "{C26AA3CD-AE24-4E33-B8F6-E93B03FFDD44}"
EndProject
Project("{9A19103F-16F7-4668-BE54-9A1E7A4F7556}") = "PipeConnectionServer", "Multithreading\Extra\PipeConnectionServer\PipeConnectionServer.csproj", "{ED40A909-8851-410C-A1D0-3835D345CFED}"
	ProjectSection(ProjectDependencies) = postProject
		{666B588F-276C-467A-8272-2552836D54BB} = {666B588F-276C-467A-8272-2552836D54BB}
	EndProjectSection
EndProject
Project("{9A19103F-16F7-4668-BE54-9A1E7A4F7556}") = "PipeConnectionClient", "Multithreading\Extra\PipeConnectionClient\PipeConnectionClient.csproj", "{87DE18FF-1FF9-46E5-910B-EA7C9A6FCF60}"
	ProjectSection(ProjectDependencies) = postProject
		{666B588F-276C-467A-8272-2552836D54BB} = {666B588F-276C-467A-8272-2552836D54BB}
	EndProjectSection
EndProject
Project("{9A19103F-16F7-4668-BE54-9A1E7A4F7556}") = "PipeCoreInfrastructure", "Multithreading\Extra\PipeCoreInfrastructure\PipeCoreInfrastructure.csproj", "{666B588F-276C-467A-8272-2552836D54BB}"
EndProject
Project("{2150E333-8FDC-42A3-9474-1A3956D46DE8}") = "Asyncronius", "Asyncronius", "{756AD969-BEEF-4BCE-BBA9-CE9C33F0BC58}"
EndProject
Project("{9A19103F-16F7-4668-BE54-9A1E7A4F7556}") = "AsyncAwait.Task1.CancellationTokens", "Asyncronius\AsyncAwait.Task1.CancellationTokens\AsyncAwait.Task1.CancellationTokens.csproj", "{3020F590-B3B2-448F-9F4F-B28425E6CD73}"
EndProject
Project("{9A19103F-16F7-4668-BE54-9A1E7A4F7556}") = "AsyncAwait.Task2.CodeReviewChallenge", "Asyncronius\AsyncAwait.Task2.CodeReviewChallenge\AsyncAwait.Task2.CodeReviewChallenge.csproj", "{A1C62710-E513-48D4-82C5-723F03643DED}"
EndProject
Project("{9A19103F-16F7-4668-BE54-9A1E7A4F7556}") = "CloudServices", "Asyncronius\CloudServices\CloudServices.csproj", "{B355DA35-8E12-4CAB-B069-A9C2A8F147CA}"
EndProject
Project("{2150E333-8FDC-42A3-9474-1A3956D46DE8}") = "MessagingQueue", "MessagingQueue", "{6223981F-E7F4-488E-AA6F-763FC3AED3B2}"
	ProjectSection(SolutionItems) = preProject
		E:\Desktop\AdvancedTask.drawio = E:\Desktop\AdvancedTask.drawio
		E:\Desktop\BaseTask.drawio = E:\Desktop\BaseTask.drawio
	EndProjectSection
EndProject
Project("{9A19103F-16F7-4668-BE54-9A1E7A4F7556}") = "QueueClient", "MessagingQueue\QueueClient\QueueClient.csproj", "{C9624368-5776-485B-9571-26996FA931D5}"
EndProject
Project("{9A19103F-16F7-4668-BE54-9A1E7A4F7556}") = "QueueServer", "MessagingQueue\QueueServer\QueueServer.csproj", "{8993041E-7738-4246-B8C0-D4DAA7E2567D}"
EndProject
Project("{9A19103F-16F7-4668-BE54-9A1E7A4F7556}") = "Infrastructure", "MessagingQueue\Infrastructure\Infrastructure.csproj", "{D7459071-04D9-43BF-81F7-E7A924252028}"
EndProject
Project("{2150E333-8FDC-42A3-9474-1A3956D46DE8}") = "Profiling tools", "Profiling tools", "{B5334827-799B-4AEA-B013-F5ACBD7C110B}"
EndProject
Project("{9A19103F-16F7-4668-BE54-9A1E7A4F7556}") = "HashPasswordGenerator", "Profiling tools\HashPasswordGenerator\HashPasswordGenerator.csproj", "{420DD647-5C1F-40AF-B21D-0CE87EC39432}"
EndProject
Project("{FAE04EC0-301F-11D3-BF4B-00C04F79EFBC}") = "GameOfLife", "Profiling tools\GameOfLife\GameOfLife.csproj", "{BDFD7BAE-9744-44C4-8259-B3757F24B245}"
EndProject
Project("{FAE04EC0-301F-11D3-BF4B-00C04F79EFBC}") = "MyCalculator", "Profiling tools\DumpHomework\Decompile project\MyCalculator\MyCalculator.csproj", "{BA09DAA2-B382-4082-A03B-A9238B9B48D3}"
EndProject
Project("{2150E333-8FDC-42A3-9474-1A3956D46DE8}") = "LINQ", "LINQ", "{16651C5C-86DB-456E-BBB4-5E14ACF70018}"
EndProject
Project("{9A19103F-16F7-4668-BE54-9A1E7A4F7556}") = "Expressions.Task3.E3SQueryProvider", "LINQ\Expressions.Task3.E3SQueryProvider\Expressions.Task3.E3SQueryProvider.csproj", "{6A191736-7213-48FC-B1A4-D69ABD66F0C1}"
EndProject
Project("{9A19103F-16F7-4668-BE54-9A1E7A4F7556}") = "Expressions.Task3.E3SQueryProvider.Test", "LINQ\Expressions.Task3.E3SQueryProvider.Test\Expressions.Task3.E3SQueryProvider.Test.csproj", "{6D0D158B-AB66-4E9E-86A7-2319B82EB6B2}"
EndProject
Project("{2150E333-8FDC-42A3-9474-1A3956D46DE8}") = "Expressions", "Expressions", "{6E35BFD8-051D-4F6C-AEA1-9E1EE476D348}"
EndProject
Project("{9A19103F-16F7-4668-BE54-9A1E7A4F7556}") = "ExpressionTrees.Task1.ExpressionsTransformer", "Expressions\ExpressionTrees.Task1.ExpressionsTransformator\ExpressionTrees.Task1.ExpressionsTransformer.csproj", "{F24958A7-EBAC-418E-9FB2-7F6EAD249745}"
EndProject
Project("{9A19103F-16F7-4668-BE54-9A1E7A4F7556}") = "ExpressionTrees.Task2.ExpressionMapping", "Expressions\ExpressionTrees.Task2.ExpressionMapping\ExpressionTrees.Task2.ExpressionMapping.csproj", "{DFCDF6C8-A9A4-4377-9A7C-63728AF9F176}"
EndProject
Project("{9A19103F-16F7-4668-BE54-9A1E7A4F7556}") = "ExpressionTrees.Task2.ExpressionMapping.Tests", "Expressions\ExpressionTrees.Task2.ExpressionMapping.Tests\ExpressionTrees.Task2.ExpressionMapping.Tests.csproj", "{B7231450-F90E-4B78-84C5-277FBD41C729}"
EndProject
Global
	GlobalSection(SolutionConfigurationPlatforms) = preSolution
		Debug|Any CPU = Debug|Any CPU
		Debug|x86 = Debug|x86
		Release|Any CPU = Release|Any CPU
		Release|x86 = Release|x86
	EndGlobalSection
	GlobalSection(ProjectConfigurationPlatforms) = postSolution
		{DCD4B63F-2306-4832-8018-1ACADDAE1877}.Debug|Any CPU.ActiveCfg = Debug|Any CPU
		{DCD4B63F-2306-4832-8018-1ACADDAE1877}.Debug|Any CPU.Build.0 = Debug|Any CPU
		{DCD4B63F-2306-4832-8018-1ACADDAE1877}.Debug|x86.ActiveCfg = Debug|Any CPU
		{DCD4B63F-2306-4832-8018-1ACADDAE1877}.Debug|x86.Build.0 = Debug|Any CPU
		{DCD4B63F-2306-4832-8018-1ACADDAE1877}.Release|Any CPU.ActiveCfg = Release|Any CPU
		{DCD4B63F-2306-4832-8018-1ACADDAE1877}.Release|Any CPU.Build.0 = Release|Any CPU
		{DCD4B63F-2306-4832-8018-1ACADDAE1877}.Release|x86.ActiveCfg = Release|Any CPU
		{DCD4B63F-2306-4832-8018-1ACADDAE1877}.Release|x86.Build.0 = Release|Any CPU
		{82B88F7A-5253-43C6-AD47-E7BD177D9591}.Debug|Any CPU.ActiveCfg = Debug|Any CPU
		{82B88F7A-5253-43C6-AD47-E7BD177D9591}.Debug|Any CPU.Build.0 = Debug|Any CPU
		{82B88F7A-5253-43C6-AD47-E7BD177D9591}.Debug|x86.ActiveCfg = Debug|Any CPU
		{82B88F7A-5253-43C6-AD47-E7BD177D9591}.Debug|x86.Build.0 = Debug|Any CPU
		{82B88F7A-5253-43C6-AD47-E7BD177D9591}.Release|Any CPU.ActiveCfg = Release|Any CPU
		{82B88F7A-5253-43C6-AD47-E7BD177D9591}.Release|Any CPU.Build.0 = Release|Any CPU
		{82B88F7A-5253-43C6-AD47-E7BD177D9591}.Release|x86.ActiveCfg = Release|Any CPU
		{82B88F7A-5253-43C6-AD47-E7BD177D9591}.Release|x86.Build.0 = Release|Any CPU
		{F207A113-88AC-4ADC-AACD-BFA4EB740D95}.Debug|Any CPU.ActiveCfg = Debug|Any CPU
		{F207A113-88AC-4ADC-AACD-BFA4EB740D95}.Debug|Any CPU.Build.0 = Debug|Any CPU
		{F207A113-88AC-4ADC-AACD-BFA4EB740D95}.Debug|x86.ActiveCfg = Debug|Any CPU
		{F207A113-88AC-4ADC-AACD-BFA4EB740D95}.Debug|x86.Build.0 = Debug|Any CPU
		{F207A113-88AC-4ADC-AACD-BFA4EB740D95}.Release|Any CPU.ActiveCfg = Release|Any CPU
		{F207A113-88AC-4ADC-AACD-BFA4EB740D95}.Release|Any CPU.Build.0 = Release|Any CPU
		{F207A113-88AC-4ADC-AACD-BFA4EB740D95}.Release|x86.ActiveCfg = Release|Any CPU
		{F207A113-88AC-4ADC-AACD-BFA4EB740D95}.Release|x86.Build.0 = Release|Any CPU
		{920EFA27-7174-467A-A8A7-BE7124432ED9}.Debug|Any CPU.ActiveCfg = Debug|Any CPU
		{920EFA27-7174-467A-A8A7-BE7124432ED9}.Debug|Any CPU.Build.0 = Debug|Any CPU
		{920EFA27-7174-467A-A8A7-BE7124432ED9}.Debug|x86.ActiveCfg = Debug|Any CPU
		{920EFA27-7174-467A-A8A7-BE7124432ED9}.Debug|x86.Build.0 = Debug|Any CPU
		{920EFA27-7174-467A-A8A7-BE7124432ED9}.Release|Any CPU.ActiveCfg = Release|Any CPU
		{920EFA27-7174-467A-A8A7-BE7124432ED9}.Release|Any CPU.Build.0 = Release|Any CPU
		{920EFA27-7174-467A-A8A7-BE7124432ED9}.Release|x86.ActiveCfg = Release|Any CPU
		{920EFA27-7174-467A-A8A7-BE7124432ED9}.Release|x86.Build.0 = Release|Any CPU
		{1CE4153F-93DB-4DDB-814B-BB0D95D8C668}.Debug|Any CPU.ActiveCfg = Debug|Any CPU
		{1CE4153F-93DB-4DDB-814B-BB0D95D8C668}.Debug|Any CPU.Build.0 = Debug|Any CPU
		{1CE4153F-93DB-4DDB-814B-BB0D95D8C668}.Debug|x86.ActiveCfg = Debug|Any CPU
		{1CE4153F-93DB-4DDB-814B-BB0D95D8C668}.Debug|x86.Build.0 = Debug|Any CPU
		{1CE4153F-93DB-4DDB-814B-BB0D95D8C668}.Release|Any CPU.ActiveCfg = Release|Any CPU
		{1CE4153F-93DB-4DDB-814B-BB0D95D8C668}.Release|Any CPU.Build.0 = Release|Any CPU
		{1CE4153F-93DB-4DDB-814B-BB0D95D8C668}.Release|x86.ActiveCfg = Release|Any CPU
		{1CE4153F-93DB-4DDB-814B-BB0D95D8C668}.Release|x86.Build.0 = Release|Any CPU
		{835C7C16-B28A-4765-BEBE-DF9C8CF3E0A8}.Debug|Any CPU.ActiveCfg = Debug|Any CPU
		{835C7C16-B28A-4765-BEBE-DF9C8CF3E0A8}.Debug|Any CPU.Build.0 = Debug|Any CPU
		{835C7C16-B28A-4765-BEBE-DF9C8CF3E0A8}.Debug|x86.ActiveCfg = Debug|Any CPU
		{835C7C16-B28A-4765-BEBE-DF9C8CF3E0A8}.Debug|x86.Build.0 = Debug|Any CPU
		{835C7C16-B28A-4765-BEBE-DF9C8CF3E0A8}.Release|Any CPU.ActiveCfg = Release|Any CPU
		{835C7C16-B28A-4765-BEBE-DF9C8CF3E0A8}.Release|Any CPU.Build.0 = Release|Any CPU
		{835C7C16-B28A-4765-BEBE-DF9C8CF3E0A8}.Release|x86.ActiveCfg = Release|Any CPU
		{835C7C16-B28A-4765-BEBE-DF9C8CF3E0A8}.Release|x86.Build.0 = Release|Any CPU
		{624BC320-262D-46AF-964C-E15B8804C051}.Debug|Any CPU.ActiveCfg = Debug|Any CPU
		{624BC320-262D-46AF-964C-E15B8804C051}.Debug|Any CPU.Build.0 = Debug|Any CPU
		{624BC320-262D-46AF-964C-E15B8804C051}.Debug|x86.ActiveCfg = Debug|Any CPU
		{624BC320-262D-46AF-964C-E15B8804C051}.Debug|x86.Build.0 = Debug|Any CPU
		{624BC320-262D-46AF-964C-E15B8804C051}.Release|Any CPU.ActiveCfg = Release|Any CPU
		{624BC320-262D-46AF-964C-E15B8804C051}.Release|Any CPU.Build.0 = Release|Any CPU
		{624BC320-262D-46AF-964C-E15B8804C051}.Release|x86.ActiveCfg = Release|Any CPU
		{624BC320-262D-46AF-964C-E15B8804C051}.Release|x86.Build.0 = Release|Any CPU
		{ED40A909-8851-410C-A1D0-3835D345CFED}.Debug|Any CPU.ActiveCfg = Debug|Any CPU
		{ED40A909-8851-410C-A1D0-3835D345CFED}.Debug|Any CPU.Build.0 = Debug|Any CPU
		{ED40A909-8851-410C-A1D0-3835D345CFED}.Debug|x86.ActiveCfg = Debug|Any CPU
		{ED40A909-8851-410C-A1D0-3835D345CFED}.Debug|x86.Build.0 = Debug|Any CPU
		{ED40A909-8851-410C-A1D0-3835D345CFED}.Release|Any CPU.ActiveCfg = Release|Any CPU
		{ED40A909-8851-410C-A1D0-3835D345CFED}.Release|Any CPU.Build.0 = Release|Any CPU
		{ED40A909-8851-410C-A1D0-3835D345CFED}.Release|x86.ActiveCfg = Release|Any CPU
		{ED40A909-8851-410C-A1D0-3835D345CFED}.Release|x86.Build.0 = Release|Any CPU
		{87DE18FF-1FF9-46E5-910B-EA7C9A6FCF60}.Debug|Any CPU.ActiveCfg = Debug|Any CPU
		{87DE18FF-1FF9-46E5-910B-EA7C9A6FCF60}.Debug|Any CPU.Build.0 = Debug|Any CPU
		{87DE18FF-1FF9-46E5-910B-EA7C9A6FCF60}.Debug|x86.ActiveCfg = Debug|Any CPU
		{87DE18FF-1FF9-46E5-910B-EA7C9A6FCF60}.Debug|x86.Build.0 = Debug|Any CPU
		{87DE18FF-1FF9-46E5-910B-EA7C9A6FCF60}.Release|Any CPU.ActiveCfg = Release|Any CPU
		{87DE18FF-1FF9-46E5-910B-EA7C9A6FCF60}.Release|Any CPU.Build.0 = Release|Any CPU
		{87DE18FF-1FF9-46E5-910B-EA7C9A6FCF60}.Release|x86.ActiveCfg = Release|Any CPU
		{87DE18FF-1FF9-46E5-910B-EA7C9A6FCF60}.Release|x86.Build.0 = Release|Any CPU
		{666B588F-276C-467A-8272-2552836D54BB}.Debug|Any CPU.ActiveCfg = Debug|Any CPU
		{666B588F-276C-467A-8272-2552836D54BB}.Debug|Any CPU.Build.0 = Debug|Any CPU
		{666B588F-276C-467A-8272-2552836D54BB}.Debug|x86.ActiveCfg = Debug|Any CPU
		{666B588F-276C-467A-8272-2552836D54BB}.Debug|x86.Build.0 = Debug|Any CPU
		{666B588F-276C-467A-8272-2552836D54BB}.Release|Any CPU.ActiveCfg = Release|Any CPU
		{666B588F-276C-467A-8272-2552836D54BB}.Release|Any CPU.Build.0 = Release|Any CPU
		{666B588F-276C-467A-8272-2552836D54BB}.Release|x86.ActiveCfg = Release|Any CPU
		{666B588F-276C-467A-8272-2552836D54BB}.Release|x86.Build.0 = Release|Any CPU
		{3020F590-B3B2-448F-9F4F-B28425E6CD73}.Debug|Any CPU.ActiveCfg = Debug|Any CPU
		{3020F590-B3B2-448F-9F4F-B28425E6CD73}.Debug|Any CPU.Build.0 = Debug|Any CPU
		{3020F590-B3B2-448F-9F4F-B28425E6CD73}.Debug|x86.ActiveCfg = Debug|Any CPU
		{3020F590-B3B2-448F-9F4F-B28425E6CD73}.Debug|x86.Build.0 = Debug|Any CPU
		{3020F590-B3B2-448F-9F4F-B28425E6CD73}.Release|Any CPU.ActiveCfg = Release|Any CPU
		{3020F590-B3B2-448F-9F4F-B28425E6CD73}.Release|Any CPU.Build.0 = Release|Any CPU
		{3020F590-B3B2-448F-9F4F-B28425E6CD73}.Release|x86.ActiveCfg = Release|Any CPU
		{3020F590-B3B2-448F-9F4F-B28425E6CD73}.Release|x86.Build.0 = Release|Any CPU
		{A1C62710-E513-48D4-82C5-723F03643DED}.Debug|Any CPU.ActiveCfg = Debug|Any CPU
		{A1C62710-E513-48D4-82C5-723F03643DED}.Debug|Any CPU.Build.0 = Debug|Any CPU
		{A1C62710-E513-48D4-82C5-723F03643DED}.Debug|x86.ActiveCfg = Debug|Any CPU
		{A1C62710-E513-48D4-82C5-723F03643DED}.Debug|x86.Build.0 = Debug|Any CPU
		{A1C62710-E513-48D4-82C5-723F03643DED}.Release|Any CPU.ActiveCfg = Release|Any CPU
		{A1C62710-E513-48D4-82C5-723F03643DED}.Release|Any CPU.Build.0 = Release|Any CPU
		{A1C62710-E513-48D4-82C5-723F03643DED}.Release|x86.ActiveCfg = Release|Any CPU
		{A1C62710-E513-48D4-82C5-723F03643DED}.Release|x86.Build.0 = Release|Any CPU
		{B355DA35-8E12-4CAB-B069-A9C2A8F147CA}.Debug|Any CPU.ActiveCfg = Debug|Any CPU
		{B355DA35-8E12-4CAB-B069-A9C2A8F147CA}.Debug|Any CPU.Build.0 = Debug|Any CPU
		{B355DA35-8E12-4CAB-B069-A9C2A8F147CA}.Debug|x86.ActiveCfg = Debug|Any CPU
		{B355DA35-8E12-4CAB-B069-A9C2A8F147CA}.Debug|x86.Build.0 = Debug|Any CPU
		{B355DA35-8E12-4CAB-B069-A9C2A8F147CA}.Release|Any CPU.ActiveCfg = Release|Any CPU
		{B355DA35-8E12-4CAB-B069-A9C2A8F147CA}.Release|Any CPU.Build.0 = Release|Any CPU
		{B355DA35-8E12-4CAB-B069-A9C2A8F147CA}.Release|x86.ActiveCfg = Release|Any CPU
		{B355DA35-8E12-4CAB-B069-A9C2A8F147CA}.Release|x86.Build.0 = Release|Any CPU
		{C9624368-5776-485B-9571-26996FA931D5}.Debug|Any CPU.ActiveCfg = Debug|Any CPU
		{C9624368-5776-485B-9571-26996FA931D5}.Debug|Any CPU.Build.0 = Debug|Any CPU
		{C9624368-5776-485B-9571-26996FA931D5}.Debug|x86.ActiveCfg = Debug|Any CPU
		{C9624368-5776-485B-9571-26996FA931D5}.Debug|x86.Build.0 = Debug|Any CPU
		{C9624368-5776-485B-9571-26996FA931D5}.Release|Any CPU.ActiveCfg = Release|Any CPU
		{C9624368-5776-485B-9571-26996FA931D5}.Release|Any CPU.Build.0 = Release|Any CPU
		{C9624368-5776-485B-9571-26996FA931D5}.Release|x86.ActiveCfg = Release|Any CPU
		{C9624368-5776-485B-9571-26996FA931D5}.Release|x86.Build.0 = Release|Any CPU
		{8993041E-7738-4246-B8C0-D4DAA7E2567D}.Debug|Any CPU.ActiveCfg = Debug|Any CPU
		{8993041E-7738-4246-B8C0-D4DAA7E2567D}.Debug|Any CPU.Build.0 = Debug|Any CPU
		{8993041E-7738-4246-B8C0-D4DAA7E2567D}.Debug|x86.ActiveCfg = Debug|Any CPU
		{8993041E-7738-4246-B8C0-D4DAA7E2567D}.Debug|x86.Build.0 = Debug|Any CPU
		{8993041E-7738-4246-B8C0-D4DAA7E2567D}.Release|Any CPU.ActiveCfg = Release|Any CPU
		{8993041E-7738-4246-B8C0-D4DAA7E2567D}.Release|Any CPU.Build.0 = Release|Any CPU
		{8993041E-7738-4246-B8C0-D4DAA7E2567D}.Release|x86.ActiveCfg = Release|Any CPU
		{8993041E-7738-4246-B8C0-D4DAA7E2567D}.Release|x86.Build.0 = Release|Any CPU
		{D7459071-04D9-43BF-81F7-E7A924252028}.Debug|Any CPU.ActiveCfg = Debug|Any CPU
		{D7459071-04D9-43BF-81F7-E7A924252028}.Debug|Any CPU.Build.0 = Debug|Any CPU
		{D7459071-04D9-43BF-81F7-E7A924252028}.Debug|x86.ActiveCfg = Debug|Any CPU
		{D7459071-04D9-43BF-81F7-E7A924252028}.Debug|x86.Build.0 = Debug|Any CPU
		{D7459071-04D9-43BF-81F7-E7A924252028}.Release|Any CPU.ActiveCfg = Release|Any CPU
		{D7459071-04D9-43BF-81F7-E7A924252028}.Release|Any CPU.Build.0 = Release|Any CPU
		{D7459071-04D9-43BF-81F7-E7A924252028}.Release|x86.ActiveCfg = Release|Any CPU
		{D7459071-04D9-43BF-81F7-E7A924252028}.Release|x86.Build.0 = Release|Any CPU
		{420DD647-5C1F-40AF-B21D-0CE87EC39432}.Debug|Any CPU.ActiveCfg = Debug|Any CPU
		{420DD647-5C1F-40AF-B21D-0CE87EC39432}.Debug|Any CPU.Build.0 = Debug|Any CPU
		{420DD647-5C1F-40AF-B21D-0CE87EC39432}.Debug|x86.ActiveCfg = Debug|Any CPU
		{420DD647-5C1F-40AF-B21D-0CE87EC39432}.Debug|x86.Build.0 = Debug|Any CPU
		{420DD647-5C1F-40AF-B21D-0CE87EC39432}.Release|Any CPU.ActiveCfg = Release|Any CPU
		{420DD647-5C1F-40AF-B21D-0CE87EC39432}.Release|Any CPU.Build.0 = Release|Any CPU
		{420DD647-5C1F-40AF-B21D-0CE87EC39432}.Release|x86.ActiveCfg = Release|Any CPU
		{420DD647-5C1F-40AF-B21D-0CE87EC39432}.Release|x86.Build.0 = Release|Any CPU
		{BDFD7BAE-9744-44C4-8259-B3757F24B245}.Debug|Any CPU.ActiveCfg = Debug|Any CPU
		{BDFD7BAE-9744-44C4-8259-B3757F24B245}.Debug|Any CPU.Build.0 = Debug|Any CPU
		{BDFD7BAE-9744-44C4-8259-B3757F24B245}.Debug|x86.ActiveCfg = Debug|Any CPU
		{BDFD7BAE-9744-44C4-8259-B3757F24B245}.Debug|x86.Build.0 = Debug|Any CPU
		{BDFD7BAE-9744-44C4-8259-B3757F24B245}.Release|Any CPU.ActiveCfg = Release|Any CPU
		{BDFD7BAE-9744-44C4-8259-B3757F24B245}.Release|Any CPU.Build.0 = Release|Any CPU
		{BDFD7BAE-9744-44C4-8259-B3757F24B245}.Release|x86.ActiveCfg = Release|Any CPU
		{BDFD7BAE-9744-44C4-8259-B3757F24B245}.Release|x86.Build.0 = Release|Any CPU
		{BA09DAA2-B382-4082-A03B-A9238B9B48D3}.Debug|Any CPU.ActiveCfg = Debug|Any CPU
		{BA09DAA2-B382-4082-A03B-A9238B9B48D3}.Debug|Any CPU.Build.0 = Debug|Any CPU
		{BA09DAA2-B382-4082-A03B-A9238B9B48D3}.Debug|x86.ActiveCfg = Debug|Any CPU
		{BA09DAA2-B382-4082-A03B-A9238B9B48D3}.Debug|x86.Build.0 = Debug|Any CPU
		{BA09DAA2-B382-4082-A03B-A9238B9B48D3}.Release|Any CPU.ActiveCfg = Release|Any CPU
		{BA09DAA2-B382-4082-A03B-A9238B9B48D3}.Release|Any CPU.Build.0 = Release|Any CPU
		{BA09DAA2-B382-4082-A03B-A9238B9B48D3}.Release|x86.ActiveCfg = Release|Any CPU
		{BA09DAA2-B382-4082-A03B-A9238B9B48D3}.Release|x86.Build.0 = Release|Any CPU
		{6A191736-7213-48FC-B1A4-D69ABD66F0C1}.Debug|Any CPU.ActiveCfg = Debug|Any CPU
		{6A191736-7213-48FC-B1A4-D69ABD66F0C1}.Debug|Any CPU.Build.0 = Debug|Any CPU
		{6A191736-7213-48FC-B1A4-D69ABD66F0C1}.Debug|x86.ActiveCfg = Debug|Any CPU
		{6A191736-7213-48FC-B1A4-D69ABD66F0C1}.Debug|x86.Build.0 = Debug|Any CPU
		{6A191736-7213-48FC-B1A4-D69ABD66F0C1}.Release|Any CPU.ActiveCfg = Release|Any CPU
		{6A191736-7213-48FC-B1A4-D69ABD66F0C1}.Release|Any CPU.Build.0 = Release|Any CPU
		{6A191736-7213-48FC-B1A4-D69ABD66F0C1}.Release|x86.ActiveCfg = Release|Any CPU
		{6A191736-7213-48FC-B1A4-D69ABD66F0C1}.Release|x86.Build.0 = Release|Any CPU
		{6D0D158B-AB66-4E9E-86A7-2319B82EB6B2}.Debug|Any CPU.ActiveCfg = Debug|Any CPU
		{6D0D158B-AB66-4E9E-86A7-2319B82EB6B2}.Debug|Any CPU.Build.0 = Debug|Any CPU
		{6D0D158B-AB66-4E9E-86A7-2319B82EB6B2}.Debug|x86.ActiveCfg = Debug|Any CPU
		{6D0D158B-AB66-4E9E-86A7-2319B82EB6B2}.Debug|x86.Build.0 = Debug|Any CPU
		{6D0D158B-AB66-4E9E-86A7-2319B82EB6B2}.Release|Any CPU.ActiveCfg = Release|Any CPU
		{6D0D158B-AB66-4E9E-86A7-2319B82EB6B2}.Release|Any CPU.Build.0 = Release|Any CPU
		{6D0D158B-AB66-4E9E-86A7-2319B82EB6B2}.Release|x86.ActiveCfg = Release|Any CPU
		{6D0D158B-AB66-4E9E-86A7-2319B82EB6B2}.Release|x86.Build.0 = Release|Any CPU
		{F24958A7-EBAC-418E-9FB2-7F6EAD249745}.Debug|Any CPU.ActiveCfg = Debug|Any CPU
		{F24958A7-EBAC-418E-9FB2-7F6EAD249745}.Debug|Any CPU.Build.0 = Debug|Any CPU
		{F24958A7-EBAC-418E-9FB2-7F6EAD249745}.Debug|x86.ActiveCfg = Debug|Any CPU
		{F24958A7-EBAC-418E-9FB2-7F6EAD249745}.Debug|x86.Build.0 = Debug|Any CPU
		{F24958A7-EBAC-418E-9FB2-7F6EAD249745}.Release|Any CPU.ActiveCfg = Release|Any CPU
		{F24958A7-EBAC-418E-9FB2-7F6EAD249745}.Release|Any CPU.Build.0 = Release|Any CPU
		{F24958A7-EBAC-418E-9FB2-7F6EAD249745}.Release|x86.ActiveCfg = Release|Any CPU
		{F24958A7-EBAC-418E-9FB2-7F6EAD249745}.Release|x86.Build.0 = Release|Any CPU
		{DFCDF6C8-A9A4-4377-9A7C-63728AF9F176}.Debug|Any CPU.ActiveCfg = Debug|Any CPU
		{DFCDF6C8-A9A4-4377-9A7C-63728AF9F176}.Debug|Any CPU.Build.0 = Debug|Any CPU
		{DFCDF6C8-A9A4-4377-9A7C-63728AF9F176}.Debug|x86.ActiveCfg = Debug|Any CPU
		{DFCDF6C8-A9A4-4377-9A7C-63728AF9F176}.Debug|x86.Build.0 = Debug|Any CPU
		{DFCDF6C8-A9A4-4377-9A7C-63728AF9F176}.Release|Any CPU.ActiveCfg = Release|Any CPU
		{DFCDF6C8-A9A4-4377-9A7C-63728AF9F176}.Release|Any CPU.Build.0 = Release|Any CPU
		{DFCDF6C8-A9A4-4377-9A7C-63728AF9F176}.Release|x86.ActiveCfg = Release|Any CPU
		{DFCDF6C8-A9A4-4377-9A7C-63728AF9F176}.Release|x86.Build.0 = Release|Any CPU
		{B7231450-F90E-4B78-84C5-277FBD41C729}.Debug|Any CPU.ActiveCfg = Debug|Any CPU
		{B7231450-F90E-4B78-84C5-277FBD41C729}.Debug|Any CPU.Build.0 = Debug|Any CPU
		{B7231450-F90E-4B78-84C5-277FBD41C729}.Debug|x86.ActiveCfg = Debug|Any CPU
		{B7231450-F90E-4B78-84C5-277FBD41C729}.Debug|x86.Build.0 = Debug|Any CPU
		{B7231450-F90E-4B78-84C5-277FBD41C729}.Release|Any CPU.ActiveCfg = Release|Any CPU
		{B7231450-F90E-4B78-84C5-277FBD41C729}.Release|Any CPU.Build.0 = Release|Any CPU
		{B7231450-F90E-4B78-84C5-277FBD41C729}.Release|x86.ActiveCfg = Release|Any CPU
		{B7231450-F90E-4B78-84C5-277FBD41C729}.Release|x86.Build.0 = Release|Any CPU
	EndGlobalSection
	GlobalSection(SolutionProperties) = preSolution
		HideSolutionNode = FALSE
	EndGlobalSection
	GlobalSection(NestedProjects) = preSolution
		{DCD4B63F-2306-4832-8018-1ACADDAE1877} = {BEF32C8D-F319-4EBE-A5DD-187C5B24D214}
		{82B88F7A-5253-43C6-AD47-E7BD177D9591} = {BEF32C8D-F319-4EBE-A5DD-187C5B24D214}
		{F207A113-88AC-4ADC-AACD-BFA4EB740D95} = {BEF32C8D-F319-4EBE-A5DD-187C5B24D214}
		{920EFA27-7174-467A-A8A7-BE7124432ED9} = {BEF32C8D-F319-4EBE-A5DD-187C5B24D214}
		{1CE4153F-93DB-4DDB-814B-BB0D95D8C668} = {BEF32C8D-F319-4EBE-A5DD-187C5B24D214}
		{835C7C16-B28A-4765-BEBE-DF9C8CF3E0A8} = {BEF32C8D-F319-4EBE-A5DD-187C5B24D214}
		{624BC320-262D-46AF-964C-E15B8804C051} = {BEF32C8D-F319-4EBE-A5DD-187C5B24D214}
		{C26AA3CD-AE24-4E33-B8F6-E93B03FFDD44} = {BEF32C8D-F319-4EBE-A5DD-187C5B24D214}
		{ED40A909-8851-410C-A1D0-3835D345CFED} = {C26AA3CD-AE24-4E33-B8F6-E93B03FFDD44}
		{87DE18FF-1FF9-46E5-910B-EA7C9A6FCF60} = {C26AA3CD-AE24-4E33-B8F6-E93B03FFDD44}
		{666B588F-276C-467A-8272-2552836D54BB} = {C26AA3CD-AE24-4E33-B8F6-E93B03FFDD44}
		{3020F590-B3B2-448F-9F4F-B28425E6CD73} = {756AD969-BEEF-4BCE-BBA9-CE9C33F0BC58}
		{A1C62710-E513-48D4-82C5-723F03643DED} = {756AD969-BEEF-4BCE-BBA9-CE9C33F0BC58}
		{B355DA35-8E12-4CAB-B069-A9C2A8F147CA} = {756AD969-BEEF-4BCE-BBA9-CE9C33F0BC58}
		{C9624368-5776-485B-9571-26996FA931D5} = {6223981F-E7F4-488E-AA6F-763FC3AED3B2}
		{8993041E-7738-4246-B8C0-D4DAA7E2567D} = {6223981F-E7F4-488E-AA6F-763FC3AED3B2}
		{D7459071-04D9-43BF-81F7-E7A924252028} = {6223981F-E7F4-488E-AA6F-763FC3AED3B2}
		{420DD647-5C1F-40AF-B21D-0CE87EC39432} = {B5334827-799B-4AEA-B013-F5ACBD7C110B}
		{BDFD7BAE-9744-44C4-8259-B3757F24B245} = {B5334827-799B-4AEA-B013-F5ACBD7C110B}
		{BA09DAA2-B382-4082-A03B-A9238B9B48D3} = {B5334827-799B-4AEA-B013-F5ACBD7C110B}
		{6A191736-7213-48FC-B1A4-D69ABD66F0C1} = {16651C5C-86DB-456E-BBB4-5E14ACF70018}
		{6D0D158B-AB66-4E9E-86A7-2319B82EB6B2} = {16651C5C-86DB-456E-BBB4-5E14ACF70018}
		{F24958A7-EBAC-418E-9FB2-7F6EAD249745} = {6E35BFD8-051D-4F6C-AEA1-9E1EE476D348}
		{DFCDF6C8-A9A4-4377-9A7C-63728AF9F176} = {6E35BFD8-051D-4F6C-AEA1-9E1EE476D348}
		{B7231450-F90E-4B78-84C5-277FBD41C729} = {6E35BFD8-051D-4F6C-AEA1-9E1EE476D348}
	EndGlobalSection
	GlobalSection(ExtensibilityGlobals) = postSolution
		SolutionGuid = {219C3244-1D6D-422F-B8B6-3722419E57AC}
	EndGlobalSection
EndGlobal
